<?xml version="1.0" encoding="utf-8"?>
<Project ToolsVersion="4.0" xmlns="http://schemas.microsoft.com/developer/msbuild/2003">
  <ItemGroup>
    <Filter Include="Framework">
      <UniqueIdentifier>{4FC737F1-C7A5-4376-A066-2A32D752A2FF}</UniqueIdentifier>
      <Extensions>cpp;c;cc;cxx;c++;cppm;ixx;def;odl;idl;hpj;bat;asm;asmx</Extensions>
    </Filter>
    <Filter Include="Gameplay">
      <UniqueIdentifier>{776b4d4d-be26-454f-9694-f0e8cc153440}</UniqueIdentifier>
    </Filter>
    <Filter Include="Gameplay\Entities">
      <UniqueIdentifier>{5d0febb0-c812-4587-a5e0-03ab874a3f14}</UniqueIdentifier>
    </Filter>
    <Filter Include="Definitions">
      <UniqueIdentifier>{2288f146-fe9b-4fec-9fda-a2f577d396fd}</UniqueIdentifier>
    </Filter>
    <Filter Include="Data">
      <UniqueIdentifier>{7ac84377-a9bd-4ca8-94ae-f861a80bf4ec}</UniqueIdentifier>
    </Filter>
  </ItemGroup>
  <ItemGroup>
    <ClCompile Include="Main_Windows.cpp">
      <Filter>Framework</Filter>
    </ClCompile>
    <ClCompile Include="App.cpp">
      <Filter>Framework</Filter>
    </ClCompile>
    <ClCompile Include="GameCommon.cpp">
      <Filter>Framework</Filter>
    </ClCompile>
    <ClCompile Include="Game.cpp">
      <Filter>Gameplay</Filter>
    </ClCompile>
    <ClCompile Include="Entity.cpp">
      <Filter>Gameplay\Entities</Filter>
    </ClCompile>
    <ClCompile Include="Player.cpp">
      <Filter>Gameplay\Entities</Filter>
    </ClCompile>
    <ClCompile Include="BlockDefinition.cpp">
      <Filter>Definitions</Filter>
    </ClCompile>
    <ClCompile Include="Block.cpp">
      <Filter>Gameplay</Filter>
    </ClCompile>
    <ClCompile Include="Chunk.cpp">
      <Filter>Gameplay</Filter>
    </ClCompile>
    <ClCompile Include="World.cpp">
      <Filter>Gameplay</Filter>
    </ClCompile>
    <ClCompile Include="BlockIterator.cpp">
      <Filter>Gameplay</Filter>
    </ClCompile>
    <ClCompile Include="BlockTemplate.cpp">
      <Filter>Gameplay</Filter>
    </ClCompile>
    <ClCompile Include="ChunkGenerateJob.cpp">
      <Filter>Gameplay</Filter>
    </ClCompile>
  </ItemGroup>
  <ItemGroup>
    <ClInclude Include="App.hpp">
      <Filter>Framework</Filter>
    </ClInclude>
    <ClInclude Include="GameCommon.hpp">
      <Filter>Framework</Filter>
    </ClInclude>
    <ClInclude Include="Game.hpp">
      <Filter>Gameplay</Filter>
    </ClInclude>
    <ClInclude Include="EngineBuildPreferences.hpp">
      <Filter>Framework</Filter>
    </ClInclude>
    <ClInclude Include="Entity.hpp">
      <Filter>Gameplay\Entities</Filter>
    </ClInclude>
    <ClInclude Include="Player.hpp">
      <Filter>Gameplay\Entities</Filter>
    </ClInclude>
    <ClInclude Include="BlockDefinition.hpp">
      <Filter>Definitions</Filter>
    </ClInclude>
    <ClInclude Include="Block.hpp">
      <Filter>Gameplay</Filter>
    </ClInclude>
    <ClInclude Include="Chunk.hpp">
      <Filter>Gameplay</Filter>
    </ClInclude>
    <ClInclude Include="World.hpp">
      <Filter>Gameplay</Filter>
    </ClInclude>
    <ClInclude Include="BlockIterator.hpp">
      <Filter>Gameplay</Filter>
    </ClInclude>
    <ClInclude Include="BlockTemplate.hpp">
      <Filter>Gameplay</Filter>
    </ClInclude>
    <ClInclude Include="ChunkGenerateJob.hpp">
      <Filter>Gameplay</Filter>
    </ClInclude>
  </ItemGroup>
  <ItemGroup>
    <Xml Include="..\..\Run\Data\GameConfig.xml">
      <Filter>Data</Filter>
    </Xml>
  </ItemGroup>
  <ItemGroup>
    <FxCompile Include="..\..\Run\Data\Shaders\World.hlsl">
      <Filter>Data</Filter>
    </FxCompile>
  </ItemGroup>
</Project>